// !$*UTF8*$!
{
	archiveVersion = 1;
	classes = {
	};
	objectVersion = 46;
	objects = {

/* Begin PBXBuildFile section */
		5418FDEB1A71364300EE15EC /* Roboto-Black.ttf in Resources */ = {isa = PBXBuildFile; fileRef = 5418FDDF1A71364300EE15EC /* Roboto-Black.ttf */; };
		5418FDEC1A71364300EE15EC /* Roboto-BlackItalic.ttf in Resources */ = {isa = PBXBuildFile; fileRef = 5418FDE01A71364300EE15EC /* Roboto-BlackItalic.ttf */; };
		5418FDED1A71364300EE15EC /* Roboto-Bold.ttf in Resources */ = {isa = PBXBuildFile; fileRef = 5418FDE11A71364300EE15EC /* Roboto-Bold.ttf */; };
		5418FDEE1A71364300EE15EC /* Roboto-BoldItalic.ttf in Resources */ = {isa = PBXBuildFile; fileRef = 5418FDE21A71364300EE15EC /* Roboto-BoldItalic.ttf */; };
		5418FDEF1A71364300EE15EC /* Roboto-Italic.ttf in Resources */ = {isa = PBXBuildFile; fileRef = 5418FDE31A71364300EE15EC /* Roboto-Italic.ttf */; };
		5418FDF01A71364300EE15EC /* Roboto-Light.ttf in Resources */ = {isa = PBXBuildFile; fileRef = 5418FDE41A71364300EE15EC /* Roboto-Light.ttf */; };
		5418FDF11A71364300EE15EC /* Roboto-LightItalic.ttf in Resources */ = {isa = PBXBuildFile; fileRef = 5418FDE51A71364300EE15EC /* Roboto-LightItalic.ttf */; };
		5418FDF21A71364300EE15EC /* Roboto-Medium.ttf in Resources */ = {isa = PBXBuildFile; fileRef = 5418FDE61A71364300EE15EC /* Roboto-Medium.ttf */; };
		5418FDF31A71364300EE15EC /* Roboto-MediumItalic.ttf in Resources */ = {isa = PBXBuildFile; fileRef = 5418FDE71A71364300EE15EC /* Roboto-MediumItalic.ttf */; };
		5418FDF41A71364300EE15EC /* Roboto-Regular.ttf in Resources */ = {isa = PBXBuildFile; fileRef = 5418FDE81A71364300EE15EC /* Roboto-Regular.ttf */; };
		5418FDF51A71364300EE15EC /* Roboto-Thin.ttf in Resources */ = {isa = PBXBuildFile; fileRef = 5418FDE91A71364300EE15EC /* Roboto-Thin.ttf */; };
		5418FDF61A71364300EE15EC /* Roboto-ThinItalic.ttf in Resources */ = {isa = PBXBuildFile; fileRef = 5418FDEA1A71364300EE15EC /* Roboto-ThinItalic.ttf */; };
		545979FB1A7657B7003515BF /* ContentTab1.rtf in Resources */ = {isa = PBXBuildFile; fileRef = 545979F81A7657B7003515BF /* ContentTab1.rtf */; };
		545979FC1A7657B7003515BF /* ContentTab2.rtf in Resources */ = {isa = PBXBuildFile; fileRef = 545979F91A7657B7003515BF /* ContentTab2.rtf */; };
		545979FF1A7678A3003515BF /* ContentTab0.rtf in Resources */ = {isa = PBXBuildFile; fileRef = 545979FE1A7678A3003515BF /* ContentTab0.rtf */; };
		54E219AF1A0CCFE1004DB8D6 /* ShinobiEssentials.framework in Frameworks */ = {isa = PBXBuildFile; fileRef = 54E219AE1A0CCFE1004DB8D6 /* ShinobiEssentials.framework */; };
		54E219BA1A0CD009004DB8D6 /* EssentialsGalleryTabsEditViewController.m in Sources */ = {isa = PBXBuildFile; fileRef = 54E219B31A0CD009004DB8D6 /* EssentialsGalleryTabsEditViewController.m */; };
		54E219BB1A0CD009004DB8D6 /* EssentialsGalleryTabsInvertedViewController.m in Sources */ = {isa = PBXBuildFile; fileRef = 54E219B51A0CD009004DB8D6 /* EssentialsGalleryTabsInvertedViewController.m */; };
		54E219BC1A0CD009004DB8D6 /* EssentialsGalleryTabsOverflowViewController.m in Sources */ = {isa = PBXBuildFile; fileRef = 54E219B71A0CD009004DB8D6 /* EssentialsGalleryTabsOverflowViewController.m */; };
		54E219BD1A0CD009004DB8D6 /* EssentialsGalleryTabsSelectViewController.m in Sources */ = {isa = PBXBuildFile; fileRef = 54E219B91A0CD009004DB8D6 /* EssentialsGalleryTabsSelectViewController.m */; };
		68171BE119ADDBC5000AFEEB /* Foundation.framework in Frameworks */ = {isa = PBXBuildFile; fileRef = 68171BE019ADDBC5000AFEEB /* Foundation.framework */; };
		68171BE319ADDBC5000AFEEB /* CoreGraphics.framework in Frameworks */ = {isa = PBXBuildFile; fileRef = 68171BE219ADDBC5000AFEEB /* CoreGraphics.framework */; };
		68171BE519ADDBC5000AFEEB /* UIKit.framework in Frameworks */ = {isa = PBXBuildFile; fileRef = 68171BE419ADDBC5000AFEEB /* UIKit.framework */; };
		68171BEB19ADDBC5000AFEEB /* InfoPlist.strings in Resources */ = {isa = PBXBuildFile; fileRef = 68171BE919ADDBC5000AFEEB /* InfoPlist.strings */; };
		68171BED19ADDBC5000AFEEB /* main.m in Sources */ = {isa = PBXBuildFile; fileRef = 68171BEC19ADDBC5000AFEEB /* main.m */; };
		68171BF119ADDBC5000AFEEB /* EssentialsGalleryTabsAppDelegate.m in Sources */ = {isa = PBXBuildFile; fileRef = 68171BF019ADDBC5000AFEEB /* EssentialsGalleryTabsAppDelegate.m */; };
		68171BF419ADDBC5000AFEEB /* EssentialsGalleryTabs.storyboard in Resources */ = {isa = PBXBuildFile; fileRef = 68171BF219ADDBC5000AFEEB /* EssentialsGalleryTabs.storyboard */; };
		68171BF719ADDBC5000AFEEB /* EssentialsGalleryTabsViewController.m in Sources */ = {isa = PBXBuildFile; fileRef = 68171BF619ADDBC5000AFEEB /* EssentialsGalleryTabsViewController.m */; };
		68171BF919ADDBC5000AFEEB /* Images.xcassets in Resources */ = {isa = PBXBuildFile; fileRef = 68171BF819ADDBC5000AFEEB /* Images.xcassets */; };
		68171C1619ADDC04000AFEEB /* QuartzCore.framework in Frameworks */ = {isa = PBXBuildFile; fileRef = 68171C1519ADDC04000AFEEB /* QuartzCore.framework */; };
		68171C2219ADDCD6000AFEEB /* libShinobiPlayUtils.a in Frameworks */ = {isa = PBXBuildFile; fileRef = 68171C1D19ADDC45000AFEEB /* libShinobiPlayUtils.a */; };
		688418A71A8B9C3D00068B19 /* EssentialsGalleryTabsOverflowDropdownView.m in Sources */ = {isa = PBXBuildFile; fileRef = 688418A61A8B9C3D00068B19 /* EssentialsGalleryTabsOverflowDropdownView.m */; };
		68A081DD1AC0146400BDCA80 /* ShinobiEssentials.bundle in Resources */ = {isa = PBXBuildFile; fileRef = 68A081DC1AC0146400BDCA80 /* ShinobiEssentials.bundle */; };
/* End PBXBuildFile section */

/* Begin PBXContainerItemProxy section */
		68171C1C19ADDC45000AFEEB /* PBXContainerItemProxy */ = {
			isa = PBXContainerItemProxy;
			containerPortal = 68171C1719ADDC45000AFEEB /* ShinobiPlayUtils.xcodeproj */;
			proxyType = 2;
			remoteGlobalIDString = 68793C011959855D009C17BD;
			remoteInfo = ShinobiPlayUtils;
		};
		68171C1E19ADDC45000AFEEB /* PBXContainerItemProxy */ = {
			isa = PBXContainerItemProxy;
			containerPortal = 68171C1719ADDC45000AFEEB /* ShinobiPlayUtils.xcodeproj */;
			proxyType = 2;
			remoteGlobalIDString = 68793C111959855E009C17BD;
			remoteInfo = ShinobiPlayUtilsTests;
		};
		68171C2019ADDCCB000AFEEB /* PBXContainerItemProxy */ = {
			isa = PBXContainerItemProxy;
			containerPortal = 68171C1719ADDC45000AFEEB /* ShinobiPlayUtils.xcodeproj */;
			proxyType = 1;
			remoteGlobalIDString = 68793C001959855D009C17BD;
			remoteInfo = ShinobiPlayUtils;
		};
/* End PBXContainerItemProxy section */

/* Begin PBXFileReference section */
		5418FDDF1A71364300EE15EC /* Roboto-Black.ttf */ = {isa = PBXFileReference; lastKnownFileType = file; path = "Roboto-Black.ttf"; sourceTree = "<group>"; };
		5418FDE01A71364300EE15EC /* Roboto-BlackItalic.ttf */ = {isa = PBXFileReference; lastKnownFileType = file; path = "Roboto-BlackItalic.ttf"; sourceTree = "<group>"; };
		5418FDE11A71364300EE15EC /* Roboto-Bold.ttf */ = {isa = PBXFileReference; lastKnownFileType = file; path = "Roboto-Bold.ttf"; sourceTree = "<group>"; };
		5418FDE21A71364300EE15EC /* Roboto-BoldItalic.ttf */ = {isa = PBXFileReference; lastKnownFileType = file; path = "Roboto-BoldItalic.ttf"; sourceTree = "<group>"; };
		5418FDE31A71364300EE15EC /* Roboto-Italic.ttf */ = {isa = PBXFileReference; lastKnownFileType = file; path = "Roboto-Italic.ttf"; sourceTree = "<group>"; };
		5418FDE41A71364300EE15EC /* Roboto-Light.ttf */ = {isa = PBXFileReference; lastKnownFileType = file; path = "Roboto-Light.ttf"; sourceTree = "<group>"; };
		5418FDE51A71364300EE15EC /* Roboto-LightItalic.ttf */ = {isa = PBXFileReference; lastKnownFileType = file; path = "Roboto-LightItalic.ttf"; sourceTree = "<group>"; };
		5418FDE61A71364300EE15EC /* Roboto-Medium.ttf */ = {isa = PBXFileReference; lastKnownFileType = file; path = "Roboto-Medium.ttf"; sourceTree = "<group>"; };
		5418FDE71A71364300EE15EC /* Roboto-MediumItalic.ttf */ = {isa = PBXFileReference; lastKnownFileType = file; path = "Roboto-MediumItalic.ttf"; sourceTree = "<group>"; };
		5418FDE81A71364300EE15EC /* Roboto-Regular.ttf */ = {isa = PBXFileReference; lastKnownFileType = file; path = "Roboto-Regular.ttf"; sourceTree = "<group>"; };
		5418FDE91A71364300EE15EC /* Roboto-Thin.ttf */ = {isa = PBXFileReference; lastKnownFileType = file; path = "Roboto-Thin.ttf"; sourceTree = "<group>"; };
		5418FDEA1A71364300EE15EC /* Roboto-ThinItalic.ttf */ = {isa = PBXFileReference; lastKnownFileType = file; path = "Roboto-ThinItalic.ttf"; sourceTree = "<group>"; };
		545979F81A7657B7003515BF /* ContentTab1.rtf */ = {isa = PBXFileReference; fileEncoding = 4; lastKnownFileType = text.rtf; path = ContentTab1.rtf; sourceTree = "<group>"; };
		545979F91A7657B7003515BF /* ContentTab2.rtf */ = {isa = PBXFileReference; fileEncoding = 4; lastKnownFileType = text.rtf; path = ContentTab2.rtf; sourceTree = "<group>"; };
		545979FE1A7678A3003515BF /* ContentTab0.rtf */ = {isa = PBXFileReference; fileEncoding = 4; lastKnownFileType = text.rtf; path = ContentTab0.rtf; sourceTree = "<group>"; };
		54E219AE1A0CCFE1004DB8D6 /* ShinobiEssentials.framework */ = {isa = PBXFileReference; lastKnownFileType = wrapper.framework; name = ShinobiEssentials.framework; path = Library/Frameworks/ShinobiEssentials.framework; sourceTree = DEVELOPER_DIR; };
		54E219B21A0CD009004DB8D6 /* EssentialsGalleryTabsEditViewController.h */ = {isa = PBXFileReference; fileEncoding = 4; lastKnownFileType = sourcecode.c.h; path = EssentialsGalleryTabsEditViewController.h; sourceTree = "<group>"; };
		54E219B31A0CD009004DB8D6 /* EssentialsGalleryTabsEditViewController.m */ = {isa = PBXFileReference; fileEncoding = 4; lastKnownFileType = sourcecode.c.objc; path = EssentialsGalleryTabsEditViewController.m; sourceTree = "<group>"; };
		54E219B41A0CD009004DB8D6 /* EssentialsGalleryTabsInvertedViewController.h */ = {isa = PBXFileReference; fileEncoding = 4; lastKnownFileType = sourcecode.c.h; path = EssentialsGalleryTabsInvertedViewController.h; sourceTree = "<group>"; };
		54E219B51A0CD009004DB8D6 /* EssentialsGalleryTabsInvertedViewController.m */ = {isa = PBXFileReference; fileEncoding = 4; lastKnownFileType = sourcecode.c.objc; path = EssentialsGalleryTabsInvertedViewController.m; sourceTree = "<group>"; };
		54E219B61A0CD009004DB8D6 /* EssentialsGalleryTabsOverflowViewController.h */ = {isa = PBXFileReference; fileEncoding = 4; lastKnownFileType = sourcecode.c.h; path = EssentialsGalleryTabsOverflowViewController.h; sourceTree = "<group>"; };
		54E219B71A0CD009004DB8D6 /* EssentialsGalleryTabsOverflowViewController.m */ = {isa = PBXFileReference; fileEncoding = 4; lastKnownFileType = sourcecode.c.objc; path = EssentialsGalleryTabsOverflowViewController.m; sourceTree = "<group>"; };
		54E219B81A0CD009004DB8D6 /* EssentialsGalleryTabsSelectViewController.h */ = {isa = PBXFileReference; fileEncoding = 4; lastKnownFileType = sourcecode.c.h; path = EssentialsGalleryTabsSelectViewController.h; sourceTree = "<group>"; };
		54E219B91A0CD009004DB8D6 /* EssentialsGalleryTabsSelectViewController.m */ = {isa = PBXFileReference; fileEncoding = 4; lastKnownFileType = sourcecode.c.objc; path = EssentialsGalleryTabsSelectViewController.m; sourceTree = "<group>"; };
		68171BDD19ADDBC5000AFEEB /* EssentialsGalleryTabs.app */ = {isa = PBXFileReference; explicitFileType = wrapper.application; includeInIndex = 0; path = EssentialsGalleryTabs.app; sourceTree = BUILT_PRODUCTS_DIR; };
		68171BE019ADDBC5000AFEEB /* Foundation.framework */ = {isa = PBXFileReference; lastKnownFileType = wrapper.framework; name = Foundation.framework; path = System/Library/Frameworks/Foundation.framework; sourceTree = SDKROOT; };
		68171BE219ADDBC5000AFEEB /* CoreGraphics.framework */ = {isa = PBXFileReference; lastKnownFileType = wrapper.framework; name = CoreGraphics.framework; path = System/Library/Frameworks/CoreGraphics.framework; sourceTree = SDKROOT; };
		68171BE419ADDBC5000AFEEB /* UIKit.framework */ = {isa = PBXFileReference; lastKnownFileType = wrapper.framework; name = UIKit.framework; path = System/Library/Frameworks/UIKit.framework; sourceTree = SDKROOT; };
		68171BE819ADDBC5000AFEEB /* EssentialsGalleryTabs-Info.plist */ = {isa = PBXFileReference; lastKnownFileType = text.plist.xml; path = "EssentialsGalleryTabs-Info.plist"; sourceTree = "<group>"; };
		68171BEA19ADDBC5000AFEEB /* en */ = {isa = PBXFileReference; lastKnownFileType = text.plist.strings; name = en; path = en.lproj/InfoPlist.strings; sourceTree = "<group>"; };
		68171BEC19ADDBC5000AFEEB /* main.m */ = {isa = PBXFileReference; lastKnownFileType = sourcecode.c.objc; lineEnding = 0; path = main.m; sourceTree = "<group>"; };
		68171BEE19ADDBC5000AFEEB /* EssentialsGalleryTabs-Prefix.pch */ = {isa = PBXFileReference; lastKnownFileType = sourcecode.c.h; path = "EssentialsGalleryTabs-Prefix.pch"; sourceTree = "<group>"; };
		68171BEF19ADDBC5000AFEEB /* EssentialsGalleryTabsAppDelegate.h */ = {isa = PBXFileReference; lastKnownFileType = sourcecode.c.h; path = EssentialsGalleryTabsAppDelegate.h; sourceTree = "<group>"; };
		68171BF019ADDBC5000AFEEB /* EssentialsGalleryTabsAppDelegate.m */ = {isa = PBXFileReference; lastKnownFileType = sourcecode.c.objc; lineEnding = 0; path = EssentialsGalleryTabsAppDelegate.m; sourceTree = "<group>"; };
		68171BF319ADDBC5000AFEEB /* Base */ = {isa = PBXFileReference; lastKnownFileType = file.storyboard; name = Base; path = Base.lproj/EssentialsGalleryTabs.storyboard; sourceTree = "<group>"; };
		68171BF519ADDBC5000AFEEB /* EssentialsGalleryTabsViewController.h */ = {isa = PBXFileReference; lastKnownFileType = sourcecode.c.h; lineEnding = 0; path = EssentialsGalleryTabsViewController.h; sourceTree = "<group>"; };
		68171BF619ADDBC5000AFEEB /* EssentialsGalleryTabsViewController.m */ = {isa = PBXFileReference; lastKnownFileType = sourcecode.c.objc; lineEnding = 0; path = EssentialsGalleryTabsViewController.m; sourceTree = "<group>"; };
		68171BF819ADDBC5000AFEEB /* Images.xcassets */ = {isa = PBXFileReference; lastKnownFileType = folder.assetcatalog; path = Images.xcassets; sourceTree = "<group>"; };
		68171BFF19ADDBC5000AFEEB /* XCTest.framework */ = {isa = PBXFileReference; lastKnownFileType = wrapper.framework; name = XCTest.framework; path = Library/Frameworks/XCTest.framework; sourceTree = DEVELOPER_DIR; };
		68171C1519ADDC04000AFEEB /* QuartzCore.framework */ = {isa = PBXFileReference; lastKnownFileType = wrapper.framework; name = QuartzCore.framework; path = System/Library/Frameworks/QuartzCore.framework; sourceTree = SDKROOT; };
		68171C1719ADDC45000AFEEB /* ShinobiPlayUtils.xcodeproj */ = {isa = PBXFileReference; lastKnownFileType = "wrapper.pb-project"; name = ShinobiPlayUtils.xcodeproj; path = ShinobiPlayUtils/ShinobiPlayUtils/ShinobiPlayUtils.xcodeproj; sourceTree = "<group>"; };
		688418A51A8B9C3D00068B19 /* EssentialsGalleryTabsOverflowDropdownView.h */ = {isa = PBXFileReference; fileEncoding = 4; lastKnownFileType = sourcecode.c.h; path = EssentialsGalleryTabsOverflowDropdownView.h; sourceTree = "<group>"; };
		688418A61A8B9C3D00068B19 /* EssentialsGalleryTabsOverflowDropdownView.m */ = {isa = PBXFileReference; fileEncoding = 4; lastKnownFileType = sourcecode.c.objc; path = EssentialsGalleryTabsOverflowDropdownView.m; sourceTree = "<group>"; };
		68A081DC1AC0146400BDCA80 /* ShinobiEssentials.bundle */ = {isa = PBXFileReference; lastKnownFileType = "wrapper.plug-in"; name = ShinobiEssentials.bundle; path = ../../../../Library/ShinobiEssentials/ShinobiEssentials.bundle; sourceTree = DEVELOPER_DIR; };
/* End PBXFileReference section */

/* Begin PBXFrameworksBuildPhase section */
		68171BDA19ADDBC5000AFEEB /* Frameworks */ = {
			isa = PBXFrameworksBuildPhase;
			buildActionMask = 2147483647;
			files = (
				54E219AF1A0CCFE1004DB8D6 /* ShinobiEssentials.framework in Frameworks */,
				68171C2219ADDCD6000AFEEB /* libShinobiPlayUtils.a in Frameworks */,
				68171C1619ADDC04000AFEEB /* QuartzCore.framework in Frameworks */,
				68171BE319ADDBC5000AFEEB /* CoreGraphics.framework in Frameworks */,
				68171BE519ADDBC5000AFEEB /* UIKit.framework in Frameworks */,
				68171BE119ADDBC5000AFEEB /* Foundation.framework in Frameworks */,
			);
			runOnlyForDeploymentPostprocessing = 0;
		};
/* End PBXFrameworksBuildPhase section */

/* Begin PBXGroup section */
		5418FDDE1A71364300EE15EC /* Fonts */ = {
			isa = PBXGroup;
			children = (
				5418FDDF1A71364300EE15EC /* Roboto-Black.ttf */,
				5418FDE01A71364300EE15EC /* Roboto-BlackItalic.ttf */,
				5418FDE11A71364300EE15EC /* Roboto-Bold.ttf */,
				5418FDE21A71364300EE15EC /* Roboto-BoldItalic.ttf */,
				5418FDE31A71364300EE15EC /* Roboto-Italic.ttf */,
				5418FDE41A71364300EE15EC /* Roboto-Light.ttf */,
				5418FDE51A71364300EE15EC /* Roboto-LightItalic.ttf */,
				5418FDE61A71364300EE15EC /* Roboto-Medium.ttf */,
				5418FDE71A71364300EE15EC /* Roboto-MediumItalic.ttf */,
				5418FDE81A71364300EE15EC /* Roboto-Regular.ttf */,
				5418FDE91A71364300EE15EC /* Roboto-Thin.ttf */,
				5418FDEA1A71364300EE15EC /* Roboto-ThinItalic.ttf */,
			);
			name = Fonts;
			path = ShinobiPlayUtils/ShinobiPlayUtils/ShinobiPlayUtils/Fonts;
			sourceTree = SOURCE_ROOT;
		};
		54E219BE1A0CD01A004DB8D6 /* Edit */ = {
			isa = PBXGroup;
			children = (
				54E219B21A0CD009004DB8D6 /* EssentialsGalleryTabsEditViewController.h */,
				54E219B31A0CD009004DB8D6 /* EssentialsGalleryTabsEditViewController.m */,
				688418A51A8B9C3D00068B19 /* EssentialsGalleryTabsOverflowDropdownView.h */,
				688418A61A8B9C3D00068B19 /* EssentialsGalleryTabsOverflowDropdownView.m */,
			);
			name = Edit;
			sourceTree = "<group>";
		};
		54E219BF1A0CD025004DB8D6 /* Select */ = {
			isa = PBXGroup;
			children = (
				54E219B81A0CD009004DB8D6 /* EssentialsGalleryTabsSelectViewController.h */,
				54E219B91A0CD009004DB8D6 /* EssentialsGalleryTabsSelectViewController.m */,
			);
			name = Select;
			sourceTree = "<group>";
		};
		54E219C01A0CD02C004DB8D6 /* Overflow */ = {
			isa = PBXGroup;
			children = (
				54E219B61A0CD009004DB8D6 /* EssentialsGalleryTabsOverflowViewController.h */,
				54E219B71A0CD009004DB8D6 /* EssentialsGalleryTabsOverflowViewController.m */,
			);
			name = Overflow;
			sourceTree = "<group>";
		};
		54E219C11A0CD035004DB8D6 /* Inverted */ = {
			isa = PBXGroup;
			children = (
				54E219B41A0CD009004DB8D6 /* EssentialsGalleryTabsInvertedViewController.h */,
				54E219B51A0CD009004DB8D6 /* EssentialsGalleryTabsInvertedViewController.m */,
			);
			name = Inverted;
			sourceTree = "<group>";
		};
		68171BD419ADDBC5000AFEEB = {
			isa = PBXGroup;
			children = (
				68171C1719ADDC45000AFEEB /* ShinobiPlayUtils.xcodeproj */,
				68171BE619ADDBC5000AFEEB /* EssentialsGalleryTabs */,
				68171BDF19ADDBC5000AFEEB /* Frameworks */,
				68171BDE19ADDBC5000AFEEB /* Products */,
			);
			sourceTree = "<group>";
		};
		68171BDE19ADDBC5000AFEEB /* Products */ = {
			isa = PBXGroup;
			children = (
				68171BDD19ADDBC5000AFEEB /* EssentialsGalleryTabs.app */,
			);
			name = Products;
			sourceTree = "<group>";
		};
		68171BDF19ADDBC5000AFEEB /* Frameworks */ = {
			isa = PBXGroup;
			children = (
				54E219AE1A0CCFE1004DB8D6 /* ShinobiEssentials.framework */,
				68171C1519ADDC04000AFEEB /* QuartzCore.framework */,
				68171BE019ADDBC5000AFEEB /* Foundation.framework */,
				68171BE219ADDBC5000AFEEB /* CoreGraphics.framework */,
				68171BE419ADDBC5000AFEEB /* UIKit.framework */,
				68171BFF19ADDBC5000AFEEB /* XCTest.framework */,
			);
			name = Frameworks;
			sourceTree = "<group>";
		};
		68171BE619ADDBC5000AFEEB /* EssentialsGalleryTabs */ = {
			isa = PBXGroup;
			children = (
				5418FDDE1A71364300EE15EC /* Fonts */,
				54E219C11A0CD035004DB8D6 /* Inverted */,
				54E219C01A0CD02C004DB8D6 /* Overflow */,
				54E219BF1A0CD025004DB8D6 /* Select */,
				54E219BE1A0CD01A004DB8D6 /* Edit */,
				68171BEF19ADDBC5000AFEEB /* EssentialsGalleryTabsAppDelegate.h */,
				68171BF019ADDBC5000AFEEB /* EssentialsGalleryTabsAppDelegate.m */,
				68171BF219ADDBC5000AFEEB /* EssentialsGalleryTabs.storyboard */,
				68171BF519ADDBC5000AFEEB /* EssentialsGalleryTabsViewController.h */,
				68171BF619ADDBC5000AFEEB /* EssentialsGalleryTabsViewController.m */,
				68171BF819ADDBC5000AFEEB /* Images.xcassets */,
				68171BE719ADDBC5000AFEEB /* Supporting Files */,
			);
			path = EssentialsGalleryTabs;
			sourceTree = "<group>";
		};
		68171BE719ADDBC5000AFEEB /* Supporting Files */ = {
			isa = PBXGroup;
			children = (
				68A081DC1AC0146400BDCA80 /* ShinobiEssentials.bundle */,
				545979FE1A7678A3003515BF /* ContentTab0.rtf */,
				545979F81A7657B7003515BF /* ContentTab1.rtf */,
				545979F91A7657B7003515BF /* ContentTab2.rtf */,
				68171BE819ADDBC5000AFEEB /* EssentialsGalleryTabs-Info.plist */,
				68171BE919ADDBC5000AFEEB /* InfoPlist.strings */,
				68171BEC19ADDBC5000AFEEB /* main.m */,
				68171BEE19ADDBC5000AFEEB /* EssentialsGalleryTabs-Prefix.pch */,
			);
			name = "Supporting Files";
			sourceTree = "<group>";
		};
		68171C1819ADDC45000AFEEB /* Products */ = {
			isa = PBXGroup;
			children = (
				68171C1D19ADDC45000AFEEB /* libShinobiPlayUtils.a */,
				68171C1F19ADDC45000AFEEB /* ShinobiPlayUtilsTests.xctest */,
			);
			name = Products;
			sourceTree = "<group>";
		};
/* End PBXGroup section */

/* Begin PBXNativeTarget section */
		68171BDC19ADDBC5000AFEEB /* EssentialsGalleryTabs */ = {
			isa = PBXNativeTarget;
			buildConfigurationList = 68171C0F19ADDBC5000AFEEB /* Build configuration list for PBXNativeTarget "EssentialsGalleryTabs" */;
			buildPhases = (
				68171BD919ADDBC5000AFEEB /* Sources */,
				68171BDA19ADDBC5000AFEEB /* Frameworks */,
				68171BDB19ADDBC5000AFEEB /* Resources */,
			);
			buildRules = (
			);
			dependencies = (
				68171C2119ADDCCB000AFEEB /* PBXTargetDependency */,
			);
			name = EssentialsGalleryTabs;
			productName = EssentialsGalleryTabs;
			productReference = 68171BDD19ADDBC5000AFEEB /* EssentialsGalleryTabs.app */;
			productType = "com.apple.product-type.application";
		};
/* End PBXNativeTarget section */

/* Begin PBXProject section */
		68171BD519ADDBC5000AFEEB /* Project object */ = {
			isa = PBXProject;
			attributes = {
				CLASSPREFIX = EssentialsGalleryTabs;
				LastUpgradeCheck = 0510;
				ORGANIZATIONNAME = "Alison Clarke";
			};
			buildConfigurationList = 68171BD819ADDBC5000AFEEB /* Build configuration list for PBXProject "EssentialsGalleryTabs" */;
			compatibilityVersion = "Xcode 3.2";
			developmentRegion = English;
			hasScannedForEncodings = 0;
			knownRegions = (
				en,
				Base,
			);
			mainGroup = 68171BD419ADDBC5000AFEEB;
			productRefGroup = 68171BDE19ADDBC5000AFEEB /* Products */;
			projectDirPath = "";
			projectReferences = (
				{
					ProductGroup = 68171C1819ADDC45000AFEEB /* Products */;
					ProjectRef = 68171C1719ADDC45000AFEEB /* ShinobiPlayUtils.xcodeproj */;
				},
			);
			projectRoot = "";
			targets = (
				68171BDC19ADDBC5000AFEEB /* EssentialsGalleryTabs */,
			);
		};
/* End PBXProject section */

/* Begin PBXReferenceProxy section */
		68171C1D19ADDC45000AFEEB /* libShinobiPlayUtils.a */ = {
			isa = PBXReferenceProxy;
			fileType = archive.ar;
			path = libShinobiPlayUtils.a;
			remoteRef = 68171C1C19ADDC45000AFEEB /* PBXContainerItemProxy */;
			sourceTree = BUILT_PRODUCTS_DIR;
		};
		68171C1F19ADDC45000AFEEB /* ShinobiPlayUtilsTests.xctest */ = {
			isa = PBXReferenceProxy;
			fileType = wrapper.cfbundle;
			path = ShinobiPlayUtilsTests.xctest;
			remoteRef = 68171C1E19ADDC45000AFEEB /* PBXContainerItemProxy */;
			sourceTree = BUILT_PRODUCTS_DIR;
		};
/* End PBXReferenceProxy section */

/* Begin PBXResourcesBuildPhase section */
		68171BDB19ADDBC5000AFEEB /* Resources */ = {
			isa = PBXResourcesBuildPhase;
			buildActionMask = 2147483647;
			files = (
				5418FDF51A71364300EE15EC /* Roboto-Thin.ttf in Resources */,
				5418FDF21A71364300EE15EC /* Roboto-Medium.ttf in Resources */,
				545979FF1A7678A3003515BF /* ContentTab0.rtf in Resources */,
				5418FDEE1A71364300EE15EC /* Roboto-BoldItalic.ttf in Resources */,
				5418FDF11A71364300EE15EC /* Roboto-LightItalic.ttf in Resources */,
				5418FDF31A71364300EE15EC /* Roboto-MediumItalic.ttf in Resources */,
				68A081DD1AC0146400BDCA80 /* ShinobiEssentials.bundle in Resources */,
				68171BF919ADDBC5000AFEEB /* Images.xcassets in Resources */,
				5418FDF01A71364300EE15EC /* Roboto-Light.ttf in Resources */,
				68171BEB19ADDBC5000AFEEB /* InfoPlist.strings in Resources */,
				5418FDEC1A71364300EE15EC /* Roboto-BlackItalic.ttf in Resources */,
				545979FC1A7657B7003515BF /* ContentTab2.rtf in Resources */,
				5418FDF61A71364300EE15EC /* Roboto-ThinItalic.ttf in Resources */,
				545979FB1A7657B7003515BF /* ContentTab1.rtf in Resources */,
				68171BF419ADDBC5000AFEEB /* EssentialsGalleryTabs.storyboard in Resources */,
				5418FDEF1A71364300EE15EC /* Roboto-Italic.ttf in Resources */,
				5418FDF41A71364300EE15EC /* Roboto-Regular.ttf in Resources */,
				5418FDED1A71364300EE15EC /* Roboto-Bold.ttf in Resources */,
				5418FDEB1A71364300EE15EC /* Roboto-Black.ttf in Resources */,
			);
			runOnlyForDeploymentPostprocessing = 0;
		};
/* End PBXResourcesBuildPhase section */

/* Begin PBXSourcesBuildPhase section */
		68171BD919ADDBC5000AFEEB /* Sources */ = {
			isa = PBXSourcesBuildPhase;
			buildActionMask = 2147483647;
			files = (
				54E219BB1A0CD009004DB8D6 /* EssentialsGalleryTabsInvertedViewController.m in Sources */,
				68171BF119ADDBC5000AFEEB /* EssentialsGalleryTabsAppDelegate.m in Sources */,
				54E219BC1A0CD009004DB8D6 /* EssentialsGalleryTabsOverflowViewController.m in Sources */,
				68171BED19ADDBC5000AFEEB /* main.m in Sources */,
				54E219BD1A0CD009004DB8D6 /* EssentialsGalleryTabsSelectViewController.m in Sources */,
				54E219BA1A0CD009004DB8D6 /* EssentialsGalleryTabsEditViewController.m in Sources */,
				68171BF719ADDBC5000AFEEB /* EssentialsGalleryTabsViewController.m in Sources */,
				688418A71A8B9C3D00068B19 /* EssentialsGalleryTabsOverflowDropdownView.m in Sources */,
			);
			runOnlyForDeploymentPostprocessing = 0;
		};
/* End PBXSourcesBuildPhase section */

/* Begin PBXTargetDependency section */
		68171C2119ADDCCB000AFEEB /* PBXTargetDependency */ = {
			isa = PBXTargetDependency;
			name = ShinobiPlayUtils;
			targetProxy = 68171C2019ADDCCB000AFEEB /* PBXContainerItemProxy */;
		};
/* End PBXTargetDependency section */

/* Begin PBXVariantGroup section */
		68171BE919ADDBC5000AFEEB /* InfoPlist.strings */ = {
			isa = PBXVariantGroup;
			children = (
				68171BEA19ADDBC5000AFEEB /* en */,
			);
			name = InfoPlist.strings;
			sourceTree = "<group>";
		};
		68171BF219ADDBC5000AFEEB /* EssentialsGalleryTabs.storyboard */ = {
			isa = PBXVariantGroup;
			children = (
				68171BF319ADDBC5000AFEEB /* Base */,
			);
			name = EssentialsGalleryTabs.storyboard;
			sourceTree = "<group>";
		};
/* End PBXVariantGroup section */

/* Begin XCBuildConfiguration section */
		68171C0D19ADDBC5000AFEEB /* Debug */ = {
			isa = XCBuildConfiguration;
			buildSettings = {
				ALWAYS_SEARCH_USER_PATHS = NO;
				CLANG_CXX_LANGUAGE_STANDARD = "gnu++0x";
				CLANG_CXX_LIBRARY = "libc++";
				CLANG_ENABLE_MODULES = YES;
				CLANG_ENABLE_OBJC_ARC = YES;
				CLANG_WARN_BOOL_CONVERSION = YES;
				CLANG_WARN_CONSTANT_CONVERSION = YES;
				CLANG_WARN_DIRECT_OBJC_ISA_USAGE = YES_ERROR;
				CLANG_WARN_EMPTY_BODY = YES;
				CLANG_WARN_ENUM_CONVERSION = YES;
				CLANG_WARN_INT_CONVERSION = YES;
				CLANG_WARN_OBJC_ROOT_CLASS = YES_ERROR;
				CLANG_WARN__DUPLICATE_METHOD_MATCH = YES;
				"CODE_SIGN_IDENTITY[sdk=iphoneos*]" = "iPhone Developer";
				COPY_PHASE_STRIP = NO;
				GCC_C_LANGUAGE_STANDARD = gnu99;
				GCC_DYNAMIC_NO_PIC = NO;
				GCC_OPTIMIZATION_LEVEL = 0;
				GCC_PREPROCESSOR_DEFINITIONS = (
					"DEBUG=1",
					"$(inherited)",
				);
				GCC_SYMBOLS_PRIVATE_EXTERN = NO;
				GCC_WARN_64_TO_32_BIT_CONVERSION = YES;
				GCC_WARN_ABOUT_RETURN_TYPE = YES_ERROR;
				GCC_WARN_UNDECLARED_SELECTOR = YES;
				GCC_WARN_UNINITIALIZED_AUTOS = YES_AGGRESSIVE;
				GCC_WARN_UNUSED_FUNCTION = YES;
				GCC_WARN_UNUSED_VARIABLE = YES;
				IPHONEOS_DEPLOYMENT_TARGET = 7.1;
				ONLY_ACTIVE_ARCH = YES;
				SDKROOT = iphoneos;
				TARGETED_DEVICE_FAMILY = 2;
			};
			name = Debug;
		};
		68171C0E19ADDBC5000AFEEB /* Release */ = {
			isa = XCBuildConfiguration;
			buildSettings = {
				ALWAYS_SEARCH_USER_PATHS = NO;
				CLANG_CXX_LANGUAGE_STANDARD = "gnu++0x";
				CLANG_CXX_LIBRARY = "libc++";
				CLANG_ENABLE_MODULES = YES;
				CLANG_ENABLE_OBJC_ARC = YES;
				CLANG_WARN_BOOL_CONVERSION = YES;
				CLANG_WARN_CONSTANT_CONVERSION = YES;
				CLANG_WARN_DIRECT_OBJC_ISA_USAGE = YES_ERROR;
				CLANG_WARN_EMPTY_BODY = YES;
				CLANG_WARN_ENUM_CONVERSION = YES;
				CLANG_WARN_INT_CONVERSION = YES;
				CLANG_WARN_OBJC_ROOT_CLASS = YES_ERROR;
				CLANG_WARN__DUPLICATE_METHOD_MATCH = YES;
				"CODE_SIGN_IDENTITY[sdk=iphoneos*]" = "iPhone Developer";
				COPY_PHASE_STRIP = YES;
				ENABLE_NS_ASSERTIONS = NO;
				GCC_C_LANGUAGE_STANDARD = gnu99;
				GCC_WARN_64_TO_32_BIT_CONVERSION = YES;
				GCC_WARN_ABOUT_RETURN_TYPE = YES_ERROR;
				GCC_WARN_UNDECLARED_SELECTOR = YES;
				GCC_WARN_UNINITIALIZED_AUTOS = YES_AGGRESSIVE;
				GCC_WARN_UNUSED_FUNCTION = YES;
				GCC_WARN_UNUSED_VARIABLE = YES;
				IPHONEOS_DEPLOYMENT_TARGET = 7.1;
				SDKROOT = iphoneos;
				TARGETED_DEVICE_FAMILY = 2;
				VALIDATE_PRODUCT = YES;
			};
			name = Release;
		};
		68171C1019ADDBC5000AFEEB /* Debug */ = {
			isa = XCBuildConfiguration;
			buildSettings = {
				ASSETCATALOG_COMPILER_APPICON_NAME = AppIcon;
				ASSETCATALOG_COMPILER_LAUNCHIMAGE_NAME = LaunchImage;
				FRAMEWORK_SEARCH_PATHS = (
					"$(inherited)",
					"$(DEVELOPER_FRAMEWORKS_DIR)",
				);
				GCC_PRECOMPILE_PREFIX_HEADER = YES;
				GCC_PREFIX_HEADER = "EssentialsGalleryTabs/EssentialsGalleryTabs-Prefix.pch";
				INFOPLIST_FILE = "EssentialsGalleryTabs/EssentialsGalleryTabs-Info.plist";
				OTHER_CFLAGS = "-Wconversion";
				OTHER_LDFLAGS = "-all_load";
				PRODUCT_NAME = EssentialsGalleryTabs;
				WRAPPER_EXTENSION = app;
			};
			name = Debug;
		};
		68171C1119ADDBC5000AFEEB /* Release */ = {
			isa = XCBuildConfiguration;
			buildSettings = {
				ASSETCATALOG_COMPILER_APPICON_NAME = AppIcon;
				ASSETCATALOG_COMPILER_LAUNCHIMAGE_NAME = LaunchImage;
				FRAMEWORK_SEARCH_PATHS = (
					"$(inherited)",
					"$(DEVELOPER_FRAMEWORKS_DIR)",
				);
				GCC_PRECOMPILE_PREFIX_HEADER = YES;
				GCC_PREFIX_HEADER = "EssentialsGalleryTabs/EssentialsGalleryTabs-Prefix.pch";
				INFOPLIST_FILE = "EssentialsGalleryTabs/EssentialsGalleryTabs-Info.plist";
				OTHER_CFLAGS = "-Wconversion";
				OTHER_LDFLAGS = "-all_load";
				PRODUCT_NAME = EssentialsGalleryTabs;
				WRAPPER_EXTENSION = app;
			};
			name = Release;
		};
/* End XCBuildConfiguration section */

/* Begin XCConfigurationList section */
		68171BD819ADDBC5000AFEEB /* Build configuration list for PBXProject "EssentialsGalleryTabs" */ = {
			isa = XCConfigurationList;
			buildConfigurations = (
				68171C0D19ADDBC5000AFEEB /* Debug */,
				68171C0E19ADDBC5000AFEEB /* Release */,
			);
			defaultConfigurationIsVisible = 0;
			defaultConfigurationName = Release;
		};
		68171C0F19ADDBC5000AFEEB /* Build configuration list for PBXNativeTarget "EssentialsGalleryTabs" */ = {
			isa = XCConfigurationList;
			buildConfigurations = (
				68171C1019ADDBC5000AFEEB /* Debug */,
				68171C1119ADDBC5000AFEEB /* Release */,
			);
			defaultConfigurationIsVisible = 0;
			defaultConfigurationName = Release;
		};
/* End XCConfigurationList section */
	};
	rootObject = 68171BD519ADDBC5000AFEEB /* Project object */;
}
